
Microsoft Visual Studio Solution File, Format Version 12.00
# Visual Studio Version 17
VisualStudioVersion = 17.7.34202.233
MinimumVisualStudioVersion = 10.0.40219.1
Project("{FAE04EC0-301F-11D3-BF4B-00C04F79EFBC}") = "lab10", "lab10\lab10.csproj", "{0BBC06F4-FFBD-4BC7-A50E-6D37EF8BECA9}"
EndProject
Global
	GlobalSection(SolutionConfigurationPlatforms) = preSolution
		Debug|Any CPU = Debug|Any CPU
		Release|Any CPU = Release|Any CPU
	EndGlobalSection
	GlobalSection(ProjectConfigurationPlatforms) = postSolution
		{0BBC06F4-FFBD-4BC7-A50E-6D37EF8BECA9}.Debug|Any CPU.ActiveCfg = Debug|Any CPU
		{0BBC06F4-FFBD-4BC7-A50E-6D37EF8BECA9}.Debug|Any CPU.Build.0 = Debug|Any CPU
		{0BBC06F4-FFBD-4BC7-A50E-6D37EF8BECA9}.Release|Any CPU.ActiveCfg = Release|Any CPU
		{0BBC06F4-FFBD-4BC7-A50E-6D37EF8BECA9}.Release|Any CPU.Build.0 = Release|Any CPU
	EndGlobalSection
	GlobalSection(SolutionProperties) = preSolution
		HideSolutionNode = FALSE
	EndGlobalSection
	GlobalSection(ExtensibilityGlobals) = postSolution
		SolutionGuid = {B26A3DDD-1652-4A90-8264-C447361161E7}
	EndGlobalSection
EndGlobal
